
Microsoft Visual Studio Solution File, Format Version 12.00
# Visual Studio 15
VisualStudioVersion = 15.0.28307.168
MinimumVisualStudioVersion = 10.0.40219.1
Project("{9A19103F-16F7-4668-BE54-9A1E7A4F7556}") = "NotificationFunctionApp", "NotificationFunctionApp\NotificationFunctionApp.csproj", "{C227BF15-9013-4A5F-80BD-D9DE7A0A74A7}"
EndProject
Global
	GlobalSection(SolutionConfigurationPlatforms) = preSolution
		Debug|Any CPU = Debug|Any CPU
		Release|Any CPU = Release|Any CPU
	EndGlobalSection
	GlobalSection(ProjectConfigurationPlatforms) = postSolution
		{C227BF15-9013-4A5F-80BD-D9DE7A0A74A7}.Debug|Any CPU.ActiveCfg = Debug|Any CPU
		{C227BF15-9013-4A5F-80BD-D9DE7A0A74A7}.Debug|Any CPU.Build.0 = Debug|Any CPU
		{C227BF15-9013-4A5F-80BD-D9DE7A0A74A7}.Release|Any CPU.ActiveCfg = Release|Any CPU
		{C227BF15-9013-4A5F-80BD-D9DE7A0A74A7}.Release|Any CPU.Build.0 = Release|Any CPU
	EndGlobalSection
	GlobalSection(SolutionProperties) = preSolution
		HideSolutionNode = FALSE
	EndGlobalSection
	GlobalSection(ExtensibilityGlobals) = postSolution
		SolutionGuid = {A0C56D76-4E24-46FF-BD45-9F4448A924CA}
	EndGlobalSection
EndGlobal
